{
  "lockfile_version": "1",
  "packages": {
    "github:NixOS/nixpkgs/nixpkgs-unstable": {
      "last_modified": "2025-12-09T08:49:39Z",
      "resolved": "github:NixOS/nixpkgs/677fbe97984e7af3175b6c121f3c39ee5c8d62c9?lastModified=1765270179&narHash=sha256-g2a4MhRKu4ymR4xwo%2BI%2BauTknXt%2F%2Bj37Lnf0Mvfl1rE%3D"
    },
    "poetry@latest": {
      "last_modified": "2025-12-09T08:49:39Z",
      "plugin_version": "0.0.4",
      "resolved": "github:NixOS/nixpkgs/677fbe97984e7af3175b6c121f3c39ee5c8d62c9#poetry",
      "source": "devbox-search",
      "version": "2.2.1",
      "systems": {
        "aarch64-darwin": {
          "outputs": [
            {
              "name": "out",
              "path": "/nix/store/h07szaan2lg9nzkl5fdc9sjhgv51fq32-python3.13-poetry-2.2.1",
              "default": true
            },
            {
              "name": "dist",
              "path": "/nix/store/z08apq4dsib29mkccq4blxjjdvi5y1r8-python3.13-poetry-2.2.1-dist"
            }
          ],
          "store_path": "/nix/store/h07szaan2lg9nzkl5fdc9sjhgv51fq32-python3.13-poetry-2.2.1"
        },
        "aarch64-linux": {
          "outputs": [
            {
              "name": "out",
              "path": "/nix/store/9f4zgpqw2jw6p2sg3dg0mwrqzc073yk6-python3.13-poetry-2.2.1",
              "default": true
            },
            {
              "name": "dist",
              "path": "/nix/store/azkksvy8lirh069v1b116ahbh115mw4b-python3.13-poetry-2.2.1-dist"
            }
          ],
          "store_path": "/nix/store/9f4zgpqw2jw6p2sg3dg0mwrqzc073yk6-python3.13-poetry-2.2.1"
        },
        "x86_64-darwin": {
          "outputs": [
            {
              "name": "out",
              "path": "/nix/store/pk9341qvx61k6l4nk1p4av6q9vgnxv7r-python3.13-poetry-2.2.1",
              "default": true
            },
            {
              "name": "dist",
              "path": "/nix/store/a1cbcjdixjycsb5kv3ji4dnml4q2wd78-python3.13-poetry-2.2.1-dist"
            }
          ],
          "store_path": "/nix/store/pk9341qvx61k6l4nk1p4av6q9vgnxv7r-python3.13-poetry-2.2.1"
        },
        "x86_64-linux": {
          "outputs": [
            {
              "name": "out",
              "path": "/nix/store/ggspvpvgdwv2xpw7v7vwav4a0ll5m6i3-python3.13-poetry-2.2.1",
              "default": true
            },
            {
              "name": "dist",
              "path": "/nix/store/bz5zdp2lm6kwa571mf1d2nxb8rxayq7y-python3.13-poetry-2.2.1-dist"
            }
          ],
          "store_path": "/nix/store/ggspvpvgdwv2xpw7v7vwav4a0ll5m6i3-python3.13-poetry-2.2.1"
        }
      }
    },
    "python@3.11": {
      "last_modified": "2025-11-23T21:50:36Z",
      "plugin_version": "0.0.4",
      "resolved": "github:NixOS/nixpkgs/ee09932cedcef15aaf476f9343d1dea2cb77e261#python311",
      "source": "devbox-search",
      "version": "3.11.14",
      "systems": {
        "aarch64-darwin": {
          "outputs": [
            {
              "name": "out",
              "path": "/nix/store/ymffyssaavagb5jc1hbx1pkdq21gh16b-python3-3.11.14",
              "default": true
            }
          ],
          "store_path": "/nix/store/ymffyssaavagb5jc1hbx1pkdq21gh16b-python3-3.11.14"
        },
        "aarch64-linux": {
          "outputs": [
            {
              "name": "out",
              "path": "/nix/store/kbyysxq0ry8vqbpkdwld118fi92wvqsf-python3-3.11.14",
              "default": true
            },
            {
              "name": "debug",
              "path": "/nix/store/y8il90w9kvh1anv432rj8vz3nf7316w5-python3-3.11.14-debug"
            }
          ],
          "store_path": "/nix/store/kbyysxq0ry8vqbpkdwld118fi92wvqsf-python3-3.11.14"
        },
        "x86_64-darwin": {
          "outputs": [
            {
              "name": "out",
              "path": "/nix/store/i4bd9nz257aph5lpjr19ggcaqc62qjn0-python3-3.11.14",
              "default": true
            }
          ],
          "store_path": "/nix/store/i4bd9nz257aph5lpjr19ggcaqc62qjn0-python3-3.11.14"
        },
        "x86_64-linux": {
          "outputs": [
            {
              "name": "out",
              "path": "/nix/store/00x3abm7y8j13i6n4sahvbar99irkc7d-python3-3.11.14",
              "default": true
            },
            {
              "name": "debug",
              "path": "/nix/store/2lj58b7mhib83mb0cx8flyahbs9pnd9z-python3-3.11.14-debug"
            }
          ],
          "store_path": "/nix/store/00x3abm7y8j13i6n4sahvbar99irkc7d-python3-3.11.14"
        }
      }
    }
  }
}
